
Microsoft Visual Studio Solution File, Format Version 12.00
# Visual Studio Version 17
VisualStudioVersion = 17.9.34622.214
MinimumVisualStudioVersion = 10.0.40219.1
Project("{9A19103F-16F7-4668-BE54-9A1E7A4F7556}") = "ReStore", "ReStore.csproj", "{BBA2E9B3-AD92-4125-AC15-40FB9A3A697D}"
EndProject
Global
	GlobalSection(SolutionConfigurationPlatforms) = preSolution
		Debug|Any CPU = Debug|Any CPU
		Release|Any CPU = Release|Any CPU
	EndGlobalSection
	GlobalSection(ProjectConfigurationPlatforms) = postSolution
		{BBA2E9B3-AD92-4125-AC15-40FB9A3A697D}.Debug|Any CPU.ActiveCfg = Debug|Any CPU
		{BBA2E9B3-AD92-4125-AC15-40FB9A3A697D}.Debug|Any CPU.Build.0 = Debug|Any CPU
		{BBA2E9B3-AD92-4125-AC15-40FB9A3A697D}.Release|Any CPU.ActiveCfg = Release|Any CPU
		{BBA2E9B3-AD92-4125-AC15-40FB9A3A697D}.Release|Any CPU.Build.0 = Release|Any CPU
	EndGlobalSection
	GlobalSection(SolutionProperties) = preSolution
		HideSolutionNode = FALSE
	EndGlobalSection
	GlobalSection(ExtensibilityGlobals) = postSolution
		SolutionGuid = {451278F9-85F3-480A-9EB9-D27C622A5E6F}
	EndGlobalSection
EndGlobal
